
Microsoft Visual Studio Solution File, Format Version 11.00
# Visual Studio 2010
Project("{8BC9CEB8-8B4A-11D0-8D11-00A0C91BC942}") = "proj_core", "Core\proj_core\proj_core.vcxproj", "{0CE50C0A-49CA-4451-AECF-A3F561B85D81}"
EndProject
Project("{2150E333-8FDC-42A3-9474-1A3956D46DE8}") = "proj-libevent", "proj-libevent", "{1E05E0B1-F842-4418-84D2-F799DDB76A7F}"
EndProject
Project("{8BC9CEB8-8B4A-11D0-8D11-00A0C91BC942}") = "iocpserver", "Core\libevent-1.4.4-iocp-3\libevent-iocp\iocpserver.vcxproj", "{73D328D1-D4D8-3641-356A-B8D348ACB798}"
EndProject
Project("{2150E333-8FDC-42A3-9474-1A3956D46DE8}") = "proj-game", "proj-game", "{2F808867-17F8-472C-A49E-F5B276BECC47}"
EndProject
Project("{8BC9CEB8-8B4A-11D0-8D11-00A0C91BC942}") = "GateServer", "Game\GateServer\GateServer.vcxproj", "{03D50FF2-0B05-4F6A-9267-7AE5BD3D076F}"
EndProject
Project("{8BC9CEB8-8B4A-11D0-8D11-00A0C91BC942}") = "testiocpstress", "Core\libevent-1.4.4-iocp-3\libevent-iocp\testiocpstress.vcxproj", "{40BC784B-1E67-7F55-601D-45E6B1D1EBF4}"
EndProject
Project("{8BC9CEB8-8B4A-11D0-8D11-00A0C91BC942}") = "echo_iocp", "Core\libevent-1.4.4-iocp-3\libevent-iocp\echo_iocp.vcxproj", "{4158B586-A554-BD84-1059-29C3CBF9F260}"
EndProject
Project("{8BC9CEB8-8B4A-11D0-8D11-00A0C91BC942}") = "LoginServer", "Game\LoginServer\LoginServer.vcxproj", "{AD2280C8-B3BB-470A-ACEF-EA7C529D3B6A}"
EndProject
Project("{8BC9CEB8-8B4A-11D0-8D11-00A0C91BC942}") = "WorldServer", "Game\WorldServer\WorldServer.vcxproj", "{EFA1FF31-AA21-47F0-9E43-3083CCFA7D82}"
EndProject
Project("{8BC9CEB8-8B4A-11D0-8D11-00A0C91BC942}") = "GameServer", "Game\GameServer\GameServer.vcxproj", "{A4D391BC-D992-444C-9529-E809946933B9}"
EndProject
Global
	GlobalSection(SolutionConfigurationPlatforms) = preSolution
		Debug|Win32 = Debug|Win32
		Release|Win32 = Release|Win32
		Template|Win32 = Template|Win32
	EndGlobalSection
	GlobalSection(ProjectConfigurationPlatforms) = postSolution
		{0CE50C0A-49CA-4451-AECF-A3F561B85D81}.Debug|Win32.ActiveCfg = Debug|Win32
		{0CE50C0A-49CA-4451-AECF-A3F561B85D81}.Debug|Win32.Build.0 = Debug|Win32
		{0CE50C0A-49CA-4451-AECF-A3F561B85D81}.Release|Win32.ActiveCfg = Release|Win32
		{0CE50C0A-49CA-4451-AECF-A3F561B85D81}.Release|Win32.Build.0 = Release|Win32
		{0CE50C0A-49CA-4451-AECF-A3F561B85D81}.Template|Win32.ActiveCfg = Release|Win32
		{0CE50C0A-49CA-4451-AECF-A3F561B85D81}.Template|Win32.Build.0 = Release|Win32
		{73D328D1-D4D8-3641-356A-B8D348ACB798}.Debug|Win32.ActiveCfg = Debug|Win32
		{73D328D1-D4D8-3641-356A-B8D348ACB798}.Debug|Win32.Build.0 = Debug|Win32
		{73D328D1-D4D8-3641-356A-B8D348ACB798}.Release|Win32.ActiveCfg = Release|Win32
		{73D328D1-D4D8-3641-356A-B8D348ACB798}.Release|Win32.Build.0 = Release|Win32
		{73D328D1-D4D8-3641-356A-B8D348ACB798}.Template|Win32.ActiveCfg = Release|Win32
		{73D328D1-D4D8-3641-356A-B8D348ACB798}.Template|Win32.Build.0 = Release|Win32
		{03D50FF2-0B05-4F6A-9267-7AE5BD3D076F}.Debug|Win32.ActiveCfg = Debug|Win32
		{03D50FF2-0B05-4F6A-9267-7AE5BD3D076F}.Debug|Win32.Build.0 = Debug|Win32
		{03D50FF2-0B05-4F6A-9267-7AE5BD3D076F}.Release|Win32.ActiveCfg = Release|Win32
		{03D50FF2-0B05-4F6A-9267-7AE5BD3D076F}.Release|Win32.Build.0 = Release|Win32
		{03D50FF2-0B05-4F6A-9267-7AE5BD3D076F}.Template|Win32.ActiveCfg = Release|Win32
		{03D50FF2-0B05-4F6A-9267-7AE5BD3D076F}.Template|Win32.Build.0 = Release|Win32
		{40BC784B-1E67-7F55-601D-45E6B1D1EBF4}.Debug|Win32.ActiveCfg = Debug|Win32
		{40BC784B-1E67-7F55-601D-45E6B1D1EBF4}.Debug|Win32.Build.0 = Debug|Win32
		{40BC784B-1E67-7F55-601D-45E6B1D1EBF4}.Release|Win32.ActiveCfg = Release|Win32
		{40BC784B-1E67-7F55-601D-45E6B1D1EBF4}.Release|Win32.Build.0 = Release|Win32
		{40BC784B-1E67-7F55-601D-45E6B1D1EBF4}.Template|Win32.ActiveCfg = Template|Win32
		{40BC784B-1E67-7F55-601D-45E6B1D1EBF4}.Template|Win32.Build.0 = Template|Win32
		{4158B586-A554-BD84-1059-29C3CBF9F260}.Debug|Win32.ActiveCfg = Debug|Win32
		{4158B586-A554-BD84-1059-29C3CBF9F260}.Debug|Win32.Build.0 = Debug|Win32
		{4158B586-A554-BD84-1059-29C3CBF9F260}.Release|Win32.ActiveCfg = Release|Win32
		{4158B586-A554-BD84-1059-29C3CBF9F260}.Release|Win32.Build.0 = Release|Win32
		{4158B586-A554-BD84-1059-29C3CBF9F260}.Template|Win32.ActiveCfg = Template|Win32
		{4158B586-A554-BD84-1059-29C3CBF9F260}.Template|Win32.Build.0 = Template|Win32
		{AD2280C8-B3BB-470A-ACEF-EA7C529D3B6A}.Debug|Win32.ActiveCfg = Debug|Win32
		{AD2280C8-B3BB-470A-ACEF-EA7C529D3B6A}.Debug|Win32.Build.0 = Debug|Win32
		{AD2280C8-B3BB-470A-ACEF-EA7C529D3B6A}.Release|Win32.ActiveCfg = Release|Win32
		{AD2280C8-B3BB-470A-ACEF-EA7C529D3B6A}.Release|Win32.Build.0 = Release|Win32
		{AD2280C8-B3BB-470A-ACEF-EA7C529D3B6A}.Template|Win32.ActiveCfg = Release|Win32
		{AD2280C8-B3BB-470A-ACEF-EA7C529D3B6A}.Template|Win32.Build.0 = Release|Win32
		{EFA1FF31-AA21-47F0-9E43-3083CCFA7D82}.Debug|Win32.ActiveCfg = Debug|Win32
		{EFA1FF31-AA21-47F0-9E43-3083CCFA7D82}.Debug|Win32.Build.0 = Debug|Win32
		{EFA1FF31-AA21-47F0-9E43-3083CCFA7D82}.Release|Win32.ActiveCfg = Release|Win32
		{EFA1FF31-AA21-47F0-9E43-3083CCFA7D82}.Release|Win32.Build.0 = Release|Win32
		{EFA1FF31-AA21-47F0-9E43-3083CCFA7D82}.Template|Win32.ActiveCfg = Release|Win32
		{EFA1FF31-AA21-47F0-9E43-3083CCFA7D82}.Template|Win32.Build.0 = Release|Win32
		{A4D391BC-D992-444C-9529-E809946933B9}.Debug|Win32.ActiveCfg = Debug|Win32
		{A4D391BC-D992-444C-9529-E809946933B9}.Debug|Win32.Build.0 = Debug|Win32
		{A4D391BC-D992-444C-9529-E809946933B9}.Release|Win32.ActiveCfg = Release|Win32
		{A4D391BC-D992-444C-9529-E809946933B9}.Release|Win32.Build.0 = Release|Win32
		{A4D391BC-D992-444C-9529-E809946933B9}.Template|Win32.ActiveCfg = Release|Win32
		{A4D391BC-D992-444C-9529-E809946933B9}.Template|Win32.Build.0 = Release|Win32
	EndGlobalSection
	GlobalSection(SolutionProperties) = preSolution
		HideSolutionNode = FALSE
	EndGlobalSection
	GlobalSection(NestedProjects) = preSolution
		{73D328D1-D4D8-3641-356A-B8D348ACB798} = {1E05E0B1-F842-4418-84D2-F799DDB76A7F}
		{40BC784B-1E67-7F55-601D-45E6B1D1EBF4} = {1E05E0B1-F842-4418-84D2-F799DDB76A7F}
		{4158B586-A554-BD84-1059-29C3CBF9F260} = {1E05E0B1-F842-4418-84D2-F799DDB76A7F}
		{03D50FF2-0B05-4F6A-9267-7AE5BD3D076F} = {2F808867-17F8-472C-A49E-F5B276BECC47}
		{AD2280C8-B3BB-470A-ACEF-EA7C529D3B6A} = {2F808867-17F8-472C-A49E-F5B276BECC47}
		{EFA1FF31-AA21-47F0-9E43-3083CCFA7D82} = {2F808867-17F8-472C-A49E-F5B276BECC47}
		{A4D391BC-D992-444C-9529-E809946933B9} = {2F808867-17F8-472C-A49E-F5B276BECC47}
	EndGlobalSection
EndGlobal
