
Microsoft Visual Studio Solution File, Format Version 11.00
# Visual Studio 2010
Project("{8BC9CEB8-8B4A-11D0-8D11-00A0C91BC942}") = "proj_core", "Core\proj_core\proj_core.vcxproj", "{0CE50C0A-49CA-4451-AECF-A3F561B85D81}"
EndProject
Project("{2150E333-8FDC-42A3-9474-1A3956D46DE8}") = "proj-libevent", "proj-libevent", "{1E05E0B1-F842-4418-84D2-F799DDB76A7F}"
EndProject
Project("{8BC9CEB8-8B4A-11D0-8D11-00A0C91BC942}") = "iocpserver", "Core\libevent-1.4.4-iocp-3\libevent-iocp\iocpserver.vcxproj", "{73D328D1-D4D8-3641-356A-B8D348ACB798}"
EndProject
Global
	GlobalSection(SolutionConfigurationPlatforms) = preSolution
		Debug|Win32 = Debug|Win32
		Release|Win32 = Release|Win32
	EndGlobalSection
	GlobalSection(ProjectConfigurationPlatforms) = postSolution
		{0CE50C0A-49CA-4451-AECF-A3F561B85D81}.Debug|Win32.ActiveCfg = Debug|Win32
		{0CE50C0A-49CA-4451-AECF-A3F561B85D81}.Debug|Win32.Build.0 = Debug|Win32
		{0CE50C0A-49CA-4451-AECF-A3F561B85D81}.Release|Win32.ActiveCfg = Release|Win32
		{0CE50C0A-49CA-4451-AECF-A3F561B85D81}.Release|Win32.Build.0 = Release|Win32
		{73D328D1-D4D8-3641-356A-B8D348ACB798}.Debug|Win32.ActiveCfg = Debug|Win32
		{73D328D1-D4D8-3641-356A-B8D348ACB798}.Debug|Win32.Build.0 = Debug|Win32
		{73D328D1-D4D8-3641-356A-B8D348ACB798}.Release|Win32.ActiveCfg = Release|Win32
		{73D328D1-D4D8-3641-356A-B8D348ACB798}.Release|Win32.Build.0 = Release|Win32
	EndGlobalSection
	GlobalSection(SolutionProperties) = preSolution
		HideSolutionNode = FALSE
	EndGlobalSection
	GlobalSection(NestedProjects) = preSolution
		{73D328D1-D4D8-3641-356A-B8D348ACB798} = {1E05E0B1-F842-4418-84D2-F799DDB76A7F}
	EndGlobalSection
EndGlobal
